
Microsoft Visual Studio Solution File, Format Version 12.00
# Visual Studio Version 16
VisualStudioVersion = 16.0.29728.190
MinimumVisualStudioVersion = 10.0.40219.1
Project("{FAE04EC0-301F-11D3-BF4B-00C04F79EFBC}") = "SCDB(Slocnak)", "SCDB(Slocnak)\SCDB(Slocnak).csproj", "{020AC821-97A5-4483-86B4-B1F00B842765}"
EndProject
Project("{FAE04EC0-301F-11D3-BF4B-00C04F79EFBC}") = "BDGenerator", "BDGenerator\BDGenerator.csproj", "{498D30E8-2147-43DE-A6D3-2C6E8976FB47}"
EndProject
Global
	GlobalSection(SolutionConfigurationPlatforms) = preSolution
		Debug|Any CPU = Debug|Any CPU
		Release|Any CPU = Release|Any CPU
	EndGlobalSection
	GlobalSection(ProjectConfigurationPlatforms) = postSolution
		{020AC821-97A5-4483-86B4-B1F00B842765}.Debug|Any CPU.ActiveCfg = Debug|Any CPU
		{020AC821-97A5-4483-86B4-B1F00B842765}.Debug|Any CPU.Build.0 = Debug|Any CPU
		{020AC821-97A5-4483-86B4-B1F00B842765}.Release|Any CPU.ActiveCfg = Release|Any CPU
		{020AC821-97A5-4483-86B4-B1F00B842765}.Release|Any CPU.Build.0 = Release|Any CPU
		{498D30E8-2147-43DE-A6D3-2C6E8976FB47}.Debug|Any CPU.ActiveCfg = Debug|Any CPU
		{498D30E8-2147-43DE-A6D3-2C6E8976FB47}.Debug|Any CPU.Build.0 = Debug|Any CPU
		{498D30E8-2147-43DE-A6D3-2C6E8976FB47}.Release|Any CPU.ActiveCfg = Release|Any CPU
		{498D30E8-2147-43DE-A6D3-2C6E8976FB47}.Release|Any CPU.Build.0 = Release|Any CPU
	EndGlobalSection
	GlobalSection(SolutionProperties) = preSolution
		HideSolutionNode = FALSE
	EndGlobalSection
	GlobalSection(ExtensibilityGlobals) = postSolution
		SolutionGuid = {6B957F9D-C6B5-4143-972E-10080684F7C8}
	EndGlobalSection
EndGlobal
